
Microsoft Visual Studio Solution File, Format Version 12.00
# Visual Studio Version 17
VisualStudioVersion = 17.4.33122.133
MinimumVisualStudioVersion = 10.0.40219.1
Project("{9A19103F-16F7-4668-BE54-9A1E7A4F7556}") = "AfvalApi", "AfvalApi\AfvalApi.csproj", "{FE5578F6-B34F-4432-8753-AEAA380659D5}"
EndProject
Project("{9A19103F-16F7-4668-BE54-9A1E7A4F7556}") = "ChillApplication", "ChillApplication\ChillApplication.csproj", "{0F3E044B-3078-4943-8AFE-EFD79D33F591}"
EndProject
Project("{FAE04EC0-301F-11D3-BF4B-00C04F79EFBC}") = "Models", "Models\Models.csproj", "{670A8C36-1459-4893-9722-A1B6534D44C2}"
EndProject
Project("{FAE04EC0-301F-11D3-BF4B-00C04F79EFBC}") = "DataContext", "DataContext\DataContext.csproj", "{77EBCF7D-4686-42D8-A7AB-CB45AB35EA37}"
EndProject
Project("{FAE04EC0-301F-11D3-BF4B-00C04F79EFBC}") = "DataAccessService", "DataAccessService\DataAccessService.csproj", "{1DAC5F02-24DF-461B-AB0E-C239E14378CD}"
EndProject
Global
	GlobalSection(SolutionConfigurationPlatforms) = preSolution
		Debug|Any CPU = Debug|Any CPU
		Release|Any CPU = Release|Any CPU
	EndGlobalSection
	GlobalSection(ProjectConfigurationPlatforms) = postSolution
		{FE5578F6-B34F-4432-8753-AEAA380659D5}.Debug|Any CPU.ActiveCfg = Debug|Any CPU
		{FE5578F6-B34F-4432-8753-AEAA380659D5}.Debug|Any CPU.Build.0 = Debug|Any CPU
		{FE5578F6-B34F-4432-8753-AEAA380659D5}.Release|Any CPU.ActiveCfg = Release|Any CPU
		{FE5578F6-B34F-4432-8753-AEAA380659D5}.Release|Any CPU.Build.0 = Release|Any CPU
		{0F3E044B-3078-4943-8AFE-EFD79D33F591}.Debug|Any CPU.ActiveCfg = Debug|Any CPU
		{0F3E044B-3078-4943-8AFE-EFD79D33F591}.Debug|Any CPU.Build.0 = Debug|Any CPU
		{0F3E044B-3078-4943-8AFE-EFD79D33F591}.Release|Any CPU.ActiveCfg = Release|Any CPU
		{0F3E044B-3078-4943-8AFE-EFD79D33F591}.Release|Any CPU.Build.0 = Release|Any CPU
		{670A8C36-1459-4893-9722-A1B6534D44C2}.Debug|Any CPU.ActiveCfg = Debug|Any CPU
		{670A8C36-1459-4893-9722-A1B6534D44C2}.Debug|Any CPU.Build.0 = Debug|Any CPU
		{670A8C36-1459-4893-9722-A1B6534D44C2}.Release|Any CPU.ActiveCfg = Release|Any CPU
		{670A8C36-1459-4893-9722-A1B6534D44C2}.Release|Any CPU.Build.0 = Release|Any CPU
		{77EBCF7D-4686-42D8-A7AB-CB45AB35EA37}.Debug|Any CPU.ActiveCfg = Debug|Any CPU
		{77EBCF7D-4686-42D8-A7AB-CB45AB35EA37}.Debug|Any CPU.Build.0 = Debug|Any CPU
		{77EBCF7D-4686-42D8-A7AB-CB45AB35EA37}.Release|Any CPU.ActiveCfg = Release|Any CPU
		{77EBCF7D-4686-42D8-A7AB-CB45AB35EA37}.Release|Any CPU.Build.0 = Release|Any CPU
		{1DAC5F02-24DF-461B-AB0E-C239E14378CD}.Debug|Any CPU.ActiveCfg = Debug|Any CPU
		{1DAC5F02-24DF-461B-AB0E-C239E14378CD}.Debug|Any CPU.Build.0 = Debug|Any CPU
		{1DAC5F02-24DF-461B-AB0E-C239E14378CD}.Release|Any CPU.ActiveCfg = Release|Any CPU
		{1DAC5F02-24DF-461B-AB0E-C239E14378CD}.Release|Any CPU.Build.0 = Release|Any CPU
	EndGlobalSection
	GlobalSection(SolutionProperties) = preSolution
		HideSolutionNode = FALSE
	EndGlobalSection
	GlobalSection(ExtensibilityGlobals) = postSolution
		SolutionGuid = {83B34C56-6309-4D37-8375-4EC1B98AA66D}
	EndGlobalSection
EndGlobal
